
Microsoft Visual Studio Solution File, Format Version 12.00
# Visual Studio Version 17
VisualStudioVersion = 17.9.34728.123
MinimumVisualStudioVersion = 10.0.40219.1
Project("{9A19103F-16F7-4668-BE54-9A1E7A4F7556}") = "EntityFrameworkCoreDataBaseFirst", "EntityFrameworkCoreDataBaseFirst\EntityFrameworkCoreDataBaseFirst.csproj", "{75671AFB-EDAF-4FEA-8613-3C8D22D06DE7}"
EndProject
Project("{FAE04EC0-301F-11D3-BF4B-00C04F79EFBC}") = "RepositoryLayer", "RepositoryLayer\RepositoryLayer.csproj", "{54B8EE69-CB52-41BE-AA9A-7F8DEAF20630}"
EndProject
Project("{FAE04EC0-301F-11D3-BF4B-00C04F79EFBC}") = "ModelsLayer", "ModelsLayer\ModelsLayer.csproj", "{0E4148F3-A240-4FF2-BA9E-7E76ED42D23D}"
EndProject
Project("{FAE04EC0-301F-11D3-BF4B-00C04F79EFBC}") = "BussinessLogicLayer", "BussinessLogicLayer\BussinessLogicLayer.csproj", "{50760F07-288A-4FAA-8633-D92E22A618CB}"
EndProject
Global
	GlobalSection(SolutionConfigurationPlatforms) = preSolution
		Debug|Any CPU = Debug|Any CPU
		Release|Any CPU = Release|Any CPU
	EndGlobalSection
	GlobalSection(ProjectConfigurationPlatforms) = postSolution
		{75671AFB-EDAF-4FEA-8613-3C8D22D06DE7}.Debug|Any CPU.ActiveCfg = Debug|Any CPU
		{75671AFB-EDAF-4FEA-8613-3C8D22D06DE7}.Debug|Any CPU.Build.0 = Debug|Any CPU
		{75671AFB-EDAF-4FEA-8613-3C8D22D06DE7}.Release|Any CPU.ActiveCfg = Release|Any CPU
		{75671AFB-EDAF-4FEA-8613-3C8D22D06DE7}.Release|Any CPU.Build.0 = Release|Any CPU
		{54B8EE69-CB52-41BE-AA9A-7F8DEAF20630}.Debug|Any CPU.ActiveCfg = Debug|Any CPU
		{54B8EE69-CB52-41BE-AA9A-7F8DEAF20630}.Debug|Any CPU.Build.0 = Debug|Any CPU
		{54B8EE69-CB52-41BE-AA9A-7F8DEAF20630}.Release|Any CPU.ActiveCfg = Release|Any CPU
		{54B8EE69-CB52-41BE-AA9A-7F8DEAF20630}.Release|Any CPU.Build.0 = Release|Any CPU
		{0E4148F3-A240-4FF2-BA9E-7E76ED42D23D}.Debug|Any CPU.ActiveCfg = Debug|Any CPU
		{0E4148F3-A240-4FF2-BA9E-7E76ED42D23D}.Debug|Any CPU.Build.0 = Debug|Any CPU
		{0E4148F3-A240-4FF2-BA9E-7E76ED42D23D}.Release|Any CPU.ActiveCfg = Release|Any CPU
		{0E4148F3-A240-4FF2-BA9E-7E76ED42D23D}.Release|Any CPU.Build.0 = Release|Any CPU
		{50760F07-288A-4FAA-8633-D92E22A618CB}.Debug|Any CPU.ActiveCfg = Debug|Any CPU
		{50760F07-288A-4FAA-8633-D92E22A618CB}.Debug|Any CPU.Build.0 = Debug|Any CPU
		{50760F07-288A-4FAA-8633-D92E22A618CB}.Release|Any CPU.ActiveCfg = Release|Any CPU
		{50760F07-288A-4FAA-8633-D92E22A618CB}.Release|Any CPU.Build.0 = Release|Any CPU
	EndGlobalSection
	GlobalSection(SolutionProperties) = preSolution
		HideSolutionNode = FALSE
	EndGlobalSection
	GlobalSection(ExtensibilityGlobals) = postSolution
		SolutionGuid = {1F443459-33C3-4D04-9083-20106CE5E23B}
	EndGlobalSection
EndGlobal
